{
  "version": "5",
  "redirects": {
    "https://esm.sh/@types/camelize@~1.0.1/index.d.ts": "https://esm.sh/@types/camelize@1.0.1/index.d.ts",
    "https://esm.sh/@types/react@~18.2.79/index.d.ts": "https://esm.sh/@types/react@18.2.79/index.d.ts",
    "https://esm.sh/@types/react@~19.0.7/index.d.ts": "https://esm.sh/@types/react@19.0.14/index.d.ts",
    "https://esm.sh/@types/unicode-trie@~2.0.3/index.d.ts": "https://esm.sh/@types/unicode-trie@2.0.3/index.d.ts",
    "https://esm.sh/camelize@^1.0.0?target=denonext": "https://esm.sh/camelize@1.0.1?target=denonext",
    "https://esm.sh/css-background-parser@^0.1.0?target=denonext": "https://esm.sh/css-background-parser@0.1.0?target=denonext",
    "https://esm.sh/css-color-keywords@^1.0.0?target=denonext": "https://esm.sh/css-color-keywords@1.0.0?target=denonext",
    "https://esm.sh/css-to-react-native@^3.0.0?target=denonext": "https://esm.sh/css-to-react-native@3.2.0?target=denonext",
    "https://esm.sh/emoji-regex@^10.2.1?target=denonext": "https://esm.sh/emoji-regex@10.6.0?target=denonext",
    "https://esm.sh/linebreak@^1.1.0?target=denonext": "https://esm.sh/linebreak@1.1.0?target=denonext",
    "https://esm.sh/postcss-value-parser@^4.0.2?target=denonext": "https://esm.sh/postcss-value-parser@4.2.0?target=denonext",
    "https://esm.sh/postcss-value-parser@^4.2.0?target=denonext": "https://esm.sh/postcss-value-parser@4.2.0?target=denonext",
    "https://esm.sh/tiny-inflate@^1.0.0?target=denonext": "https://esm.sh/tiny-inflate@1.0.3?target=denonext",
    "https://esm.sh/unicode-trie@^2.0.0?target=denonext": "https://esm.sh/unicode-trie@2.0.0?target=denonext",
    "https://esm.sh/yoga-wasm-web@^0.3.1/asm?target=denonext": "https://esm.sh/yoga-wasm-web@0.3.3/asm?target=denonext"
  },
  "remote": {
    "https://deno.land/x/og_edge@0.0.6/emoji.ts": "8571b6fcd5e425f58040e667f935c2fc7b8cf86f3570c81653be2c2ab8f6d046",
    "https://deno.land/x/og_edge@0.0.6/mod.ts": "a738261717d5d35e4270a9b22d9a4bb82cfb719a6d2325c75b2945d3d08f73d5",
    "https://edge.netlify.com/": "fd941d61d88673d5f28aab283fb86fcc50f08a3bc80ee5470498fcfa88c65cfb",
    "https://edge.netlify.com/bootstrap/config.ts": "6a2ce0e544e15e8f8883a5c18da5948e37fd0f2619f68cb31f3af53c51817025",
    "https://edge.netlify.com/bootstrap/context.ts": "e97240232121e2f369f6546ce961490f34d961ea1ea54be3ff09633e3f08373f",
    "https://edge.netlify.com/bootstrap/cookie.ts": "8b0baae708989ca183c6f3b4ab3d029e6abcbc2e43f93edeb0ff447b3bbc3a05",
    "https://edge.netlify.com/bootstrap/edge_function.ts": "b8253e86aa83c67341f5cfedeba5049d77fbf84dcab7eceff7566b7728ae9b39",
    "https://edge.netlify.com/bootstrap/globals/types.ts": "eaa6148ded3121d8dee62dd91c86e7fe76601df0f3ca8d7962243a30f4c8935f",
    "https://esm.sh/@resvg/resvg-wasm@2.0.0-alpha.4": "d371b4611f91d15ce11dcac327c51cd82afeb22ab1d8fbf4a288233d2a099536",
    "https://esm.sh/@resvg/resvg-wasm@2.0.0-alpha.4/denonext/resvg-wasm.mjs": "684ad3e3052a6de80ebebb052785e670300a29ee92de10ef52e596b3366ea032",
    "https://esm.sh/@shuding/opentype.js@1.4.0-beta.0/denonext/opentype.mjs": "0cca60bf1cda5c6e059b03a623c2250a968b94dc04df9daabb2748a90d140cba",
    "https://esm.sh/base64-js@0.0.8/denonext/base64-js.mjs": "c8210e137f5e9247dceb81535ad2e5145e0de3645518546a6b90b59d70ada011",
    "https://esm.sh/camelize@1.0.1/denonext/camelize.mjs": "c452bfdf56eff2485fc036727bf1513ccd998b5bf7b8017528f4c6001804e4a5",
    "https://esm.sh/camelize@1.0.1?target=denonext": "e16d00a4fb85e08deaee10963089b5817fb7171023039f0fe7b0239124fc0eb2",
    "https://esm.sh/css-background-parser@0.1.0/denonext/css-background-parser.mjs": "3781ddec25c0bd9f1243e76eec40fed5a5bbd7cd3fa14e273118139b30755155",
    "https://esm.sh/css-background-parser@0.1.0?target=denonext": "51a9834cd6ece8955d562351954d05e5927af96f1ff1a8323b937a3be01c4c0c",
    "https://esm.sh/css-box-shadow@1.0.0-3/denonext/css-box-shadow.mjs": "2cc6d39ea4de5d510796d35157bce82471702718450823b5bca8b9b31f0763ee",
    "https://esm.sh/css-color-keywords@1.0.0/denonext/css-color-keywords.mjs": "d795d2fc4a7d7fe912a5af38452784fae2acd8de914312dec5bf57e5d4efb499",
    "https://esm.sh/css-color-keywords@1.0.0?target=denonext": "fd7991fb5cf8004537c98242891251be3de36ee18c8a50191fec4d7e287ec5cc",
    "https://esm.sh/css-to-react-native@3.2.0/denonext/css-to-react-native.mjs": "14569a049a27ac1ce66380c82ad340b7f73ae329e007d342ab5221e6c41e4a30",
    "https://esm.sh/css-to-react-native@3.2.0?target=denonext": "8a1e9a0a89f453e1be791e1f660af19bfc7e2ef44f3d843a021c9e4d61355fb8",
    "https://esm.sh/emoji-regex@10.6.0/denonext/emoji-regex.mjs": "bec0264591b37a7132b080ed5586e3fc577392b1444230d973d7209d04f4f6e5",
    "https://esm.sh/emoji-regex@10.6.0?target=denonext": "0b0ed0e68f224d09d771339aaf83dd19d31c149e6fb1213ea3a12ef8ee977188",
    "https://esm.sh/linebreak@1.1.0/denonext/linebreak.mjs": "cd27398cd76dd42771ff8a224a637884c7921af06cea71937ed9a77df98ae954",
    "https://esm.sh/linebreak@1.1.0?target=denonext": "3348208f472aeb6c1b66d784463da674fab1d203f92aa7b1f91e38b52ddb3b16",
    "https://esm.sh/postcss-value-parser@4.2.0/denonext/postcss-value-parser.mjs": "2734c0eb4eb5e6a9905fb179ed2f329a346ac076735dbf0bc889276cbfe952bc",
    "https://esm.sh/postcss-value-parser@4.2.0?target=denonext": "f11ba11f7fe1a5768433011193e133bf80a697154aab65f582bf653305a571d1",
    "https://esm.sh/react@18.2.0": "fed8aeb7d240bb42a2167c9c7c6e842e128c7630cbcb08c4d61c9c1926f89c75",
    "https://esm.sh/react@18.2.0/denonext/react.mjs": "a986c2876dc2f73879f395e677dc34cb751f260e69db16364810655f884df173",
    "https://esm.sh/satori@0.4.0": "6eed8482f73a5fd2d0b558a704517a21f28a7960f78e614781338e92be02dce5",
    "https://esm.sh/satori@0.4.0/denonext/satori.mjs": "a915c125441d3a67a93b9db9759557567f9ba1a7f9968e5237c0ff8b7caa44dd",
    "https://esm.sh/satori@0.4.0/denonext/wasm.mjs": "17b4c08e989250457176fb07c1e7bc2973dc0cd797418a25fd6836b6bf521dd1",
    "https://esm.sh/satori@0.4.0/wasm": "f7de7f13a37a896b0dc4ccff71a4a617cf2cc9d7e22211206f64572597eca649",
    "https://esm.sh/tiny-inflate@1.0.3/denonext/tiny-inflate.mjs": "1b04f32ea95b17d5681d67ae3aaabe5f2eff6c2fc18f0acb6beceb9ef350b14f",
    "https://esm.sh/tiny-inflate@1.0.3?target=denonext": "6a34143de11788c63e5c2af653bd50c3073cbd076ea3692101cbf01a86572725",
    "https://esm.sh/unicode-trie@2.0.0/denonext/unicode-trie.mjs": "d1fac9aba42e42df1de8bd22ebe51d6f81b06e6a4bd9ec608d0e8a3d72b8cbf8",
    "https://esm.sh/unicode-trie@2.0.0?target=denonext": "97efcdc8ab9affa26453c8c981b7a05c1aae6f1ef3dc992ddb69244476caacfa",
    "https://esm.sh/yoga-wasm-web@0.3.0": "30bcedb2575f28278641a4a59b8e66d0c241b482cd2148add0a8cea821ff3cf9",
    "https://esm.sh/yoga-wasm-web@0.3.0/denonext/yoga-wasm-web.mjs": "96d4b2ba346e3a2e4dc7066af2f0153b6260d24f37bfbb49d6983d1d41f98776",
    "https://esm.sh/yoga-wasm-web@0.3.3/asm?target=denonext": "4bf203af38720ceb4b8819b5ab7021ea742af638e14b4bfb9a44d3aa0628bb9f",
    "https://esm.sh/yoga-wasm-web@0.3.3/denonext/asm.mjs": "3d90d9b2fdc20b13edf7448b0e052c5452583652e2378d0c339dc13a798755ae",
    "https://esm.sh/yoga-wasm-web@0.3.3/denonext/dist/wrapAsm-f766f97f.mjs": "d05bfe075aca55d08d2ecc56f20aa8ced8638b752cdc122e19c46ff8bfb6762e"
  },
  "workspace": {
    "packageJson": {
      "dependencies": [
        "npm:@azure/identity@^4.13.0",
        "npm:@googlemaps/js-api-loader@^2.0.2",
        "npm:@googlemaps/markerclusterer@^2.6.2",
        "npm:@googlemaps/url-signature@^1.0.40",
        "npm:@microsoft/microsoft-graph-client@^3.0.7",
        "npm:@netlify/functions@^5.1.2",
        "npm:@popperjs/core@^2.11.8",
        "npm:@types/geojson@^7946.0.16",
        "npm:@types/google.maps@^3.58.1",
        "npm:@types/serviceworker@^0.0.192",
        "npm:bootstrap-icons@^1.13.1",
        "npm:bootstrap@^5.3.8",
        "npm:boring-avatars@^2.0.4",
        "npm:core-js@^3.48.0",
        "npm:dompurify@^3.3.1",
        "npm:geodesy@^2.4.0",
        "npm:gridjs@^6.2.0",
        "npm:gulp-concat@^2.6.1",
        "npm:gulp-esbuild@~0.14.1",
        "npm:gulp-file-include@^2.3.0",
        "npm:gulp-html-minifier-terser@8",
        "npm:gulp-preprocess@6",
        "npm:gulp-sass@^6.0.1",
        "npm:gulp-sri-hash@^2.2.1",
        "npm:gulp-uglify@^3.0.2",
        "npm:gulp@^5.0.1",
        "npm:isomorphic-fetch@3",
        "npm:jwt-promisify@^1.1.7",
        "npm:ky@^1.14.3",
        "npm:lambda-rate-limiter@^4.0.2",
        "npm:license-checker-rseidelsohn@^4.4.2",
        "npm:localforage@^1.10.0",
        "npm:marked@^17.0.3",
        "npm:navigo@^8.11.1",
        "npm:qr-scanner@^1.4.2",
        "npm:qrcode@^1.5.4",
        "npm:react-dom@^19.2.4",
        "npm:react@^19.2.4",
        "npm:sass@^1.97.3",
        "npm:sweetalert2@^11.26.20",
        "npm:validator@^13.15.26"
      ]
    }
  }
}
